
Microsoft Visual Studio Solution File, Format Version 12.00
# Visual Studio Version 17
VisualStudioVersion = 17.9.34728.123
MinimumVisualStudioVersion = 10.0.40219.1
Project("{9A19103F-16F7-4668-BE54-9A1E7A4F7556}") = "TaskManagementAPI", "TaskManagementAPI.csproj", "{40D8286B-8CE4-4973-95A8-A59BE3FEAA89}"
EndProject
Project("{FAE04EC0-301F-11D3-BF4B-00C04F79EFBC}") = "TaskManagementAPI.Tests", "..\TaskManagementAPI.Tests\TaskManagementAPI.Tests.csproj", "{430F4AB3-2B83-4985-B34B-5068BE70F347}"
EndProject
Global
	GlobalSection(SolutionConfigurationPlatforms) = preSolution
		Debug|Any CPU = Debug|Any CPU
		Release|Any CPU = Release|Any CPU
	EndGlobalSection
	GlobalSection(ProjectConfigurationPlatforms) = postSolution
		{40D8286B-8CE4-4973-95A8-A59BE3FEAA89}.Debug|Any CPU.ActiveCfg = Debug|Any CPU
		{40D8286B-8CE4-4973-95A8-A59BE3FEAA89}.Debug|Any CPU.Build.0 = Debug|Any CPU
		{40D8286B-8CE4-4973-95A8-A59BE3FEAA89}.Release|Any CPU.ActiveCfg = Release|Any CPU
		{40D8286B-8CE4-4973-95A8-A59BE3FEAA89}.Release|Any CPU.Build.0 = Release|Any CPU
		{430F4AB3-2B83-4985-B34B-5068BE70F347}.Debug|Any CPU.ActiveCfg = Debug|Any CPU
		{430F4AB3-2B83-4985-B34B-5068BE70F347}.Debug|Any CPU.Build.0 = Debug|Any CPU
		{430F4AB3-2B83-4985-B34B-5068BE70F347}.Release|Any CPU.ActiveCfg = Release|Any CPU
		{430F4AB3-2B83-4985-B34B-5068BE70F347}.Release|Any CPU.Build.0 = Release|Any CPU
	EndGlobalSection
	GlobalSection(SolutionProperties) = preSolution
		HideSolutionNode = FALSE
	EndGlobalSection
	GlobalSection(ExtensibilityGlobals) = postSolution
		SolutionGuid = {90EA548E-0B3C-4B09-83CE-731DE439A029}
	EndGlobalSection
EndGlobal
